
Microsoft Visual Studio Solution File, Format Version 12.00
# Visual Studio Version 17
VisualStudioVersion = 17.10.35027.167
MinimumVisualStudioVersion = 10.0.40219.1
Project("{9A19103F-16F7-4668-BE54-9A1E7A4F7556}") = "TH.Generator", "TH.Generator.csproj", "{4890CEF6-303E-47C5-AC3B-45D23FC511BA}"
EndProject
Project("{FAE04EC0-301F-11D3-BF4B-00C04F79EFBC}") = "Test", "..\Test\Test.csproj", "{42DBFE0D-90BE-4489-9468-13BAC44F812A}"
EndProject
Global
	GlobalSection(SolutionConfigurationPlatforms) = preSolution
		Debug|Any CPU = Debug|Any CPU
		Release|Any CPU = Release|Any CPU
	EndGlobalSection
	GlobalSection(ProjectConfigurationPlatforms) = postSolution
		{4890CEF6-303E-47C5-AC3B-45D23FC511BA}.Debug|Any CPU.ActiveCfg = Debug|Any CPU
		{4890CEF6-303E-47C5-AC3B-45D23FC511BA}.Debug|Any CPU.Build.0 = Debug|Any CPU
		{4890CEF6-303E-47C5-AC3B-45D23FC511BA}.Release|Any CPU.ActiveCfg = Release|Any CPU
		{4890CEF6-303E-47C5-AC3B-45D23FC511BA}.Release|Any CPU.Build.0 = Release|Any CPU
		{42DBFE0D-90BE-4489-9468-13BAC44F812A}.Debug|Any CPU.ActiveCfg = Debug|Any CPU
		{42DBFE0D-90BE-4489-9468-13BAC44F812A}.Debug|Any CPU.Build.0 = Debug|Any CPU
		{42DBFE0D-90BE-4489-9468-13BAC44F812A}.Release|Any CPU.ActiveCfg = Release|Any CPU
		{42DBFE0D-90BE-4489-9468-13BAC44F812A}.Release|Any CPU.Build.0 = Release|Any CPU
	EndGlobalSection
	GlobalSection(SolutionProperties) = preSolution
		HideSolutionNode = FALSE
	EndGlobalSection
	GlobalSection(ExtensibilityGlobals) = postSolution
		SolutionGuid = {B5CEE916-A0AF-46BE-A829-DB4336C2677A}
	EndGlobalSection
EndGlobal
